
Microsoft Visual Studio Solution File, Format Version 12.00
# Visual Studio Version 17
VisualStudioVersion = 17.7.34202.233
MinimumVisualStudioVersion = 10.0.40219.1
Project("{FAE04EC0-301F-11D3-BF4B-00C04F79EFBC}") = "PİYON OYUNU", "PİYON OYUNU\PİYON OYUNU.csproj", "{4C5643FF-E9A4-4CE3-AAE7-87A4BBD9F8DD}"
EndProject
Global
	GlobalSection(SolutionConfigurationPlatforms) = preSolution
		Debug|Any CPU = Debug|Any CPU
		Release|Any CPU = Release|Any CPU
	EndGlobalSection
	GlobalSection(ProjectConfigurationPlatforms) = postSolution
		{4C5643FF-E9A4-4CE3-AAE7-87A4BBD9F8DD}.Debug|Any CPU.ActiveCfg = Debug|Any CPU
		{4C5643FF-E9A4-4CE3-AAE7-87A4BBD9F8DD}.Debug|Any CPU.Build.0 = Debug|Any CPU
		{4C5643FF-E9A4-4CE3-AAE7-87A4BBD9F8DD}.Release|Any CPU.ActiveCfg = Release|Any CPU
		{4C5643FF-E9A4-4CE3-AAE7-87A4BBD9F8DD}.Release|Any CPU.Build.0 = Release|Any CPU
	EndGlobalSection
	GlobalSection(SolutionProperties) = preSolution
		HideSolutionNode = FALSE
	EndGlobalSection
	GlobalSection(ExtensibilityGlobals) = postSolution
		SolutionGuid = {9A191CBF-E286-4D7A-B39B-19459AE00BF3}
	EndGlobalSection
EndGlobal
